
Microsoft Visual Studio Solution File, Format Version 12.00
# Visual Studio 14
VisualStudioVersion = 14.0.25420.1
MinimumVisualStudioVersion = 10.0.40219.1
Project("{FAE04EC0-301F-11D3-BF4B-00C04F79EFBC}") = "ClientDisplay", "ClientDisplay\ClientDisplay.csproj", "{E0652B30-06F7-473E-9A80-C681A21D8B37}"
EndProject
Project("{FAE04EC0-301F-11D3-BF4B-00C04F79EFBC}") = "WebDisplay", "WebDisplay\WebDisplay.csproj", "{381A4B21-14A7-487F-A31D-AC9CDC16B08D}"
EndProject
Project("{FAE04EC0-301F-11D3-BF4B-00C04F79EFBC}") = "Engine", "Engine\Engine.csproj", "{D3D5A8E6-4BE0-4E53-B5D9-FF08B502FCC9}"
EndProject
Project("{FAE04EC0-301F-11D3-BF4B-00C04F79EFBC}") = "WebAdmin", "WebAdmin\WebAdmin.csproj", "{CDB225B4-CAC2-476C-8A38-F53EF92DD499}"
EndProject
Project("{FAE04EC0-301F-11D3-BF4B-00C04F79EFBC}") = "ConvertImage", "ConvertImage\ConvertImage.csproj", "{D02ACA91-0710-4787-83C0-0C6CC785072E}"
EndProject
Project("{FAE04EC0-301F-11D3-BF4B-00C04F79EFBC}") = "FrameGrabber", "FrameGrabber\FrameGrabber.csproj", "{50860E5D-4488-4FD1-BB0C-C68D39A2541A}"
EndProject
Global
	GlobalSection(SolutionConfigurationPlatforms) = preSolution
		Debug|Any CPU = Debug|Any CPU
		Release|Any CPU = Release|Any CPU
	EndGlobalSection
	GlobalSection(ProjectConfigurationPlatforms) = postSolution
		{E0652B30-06F7-473E-9A80-C681A21D8B37}.Debug|Any CPU.ActiveCfg = Debug|Any CPU
		{E0652B30-06F7-473E-9A80-C681A21D8B37}.Debug|Any CPU.Build.0 = Debug|Any CPU
		{E0652B30-06F7-473E-9A80-C681A21D8B37}.Release|Any CPU.ActiveCfg = Release|Any CPU
		{E0652B30-06F7-473E-9A80-C681A21D8B37}.Release|Any CPU.Build.0 = Release|Any CPU
		{381A4B21-14A7-487F-A31D-AC9CDC16B08D}.Debug|Any CPU.ActiveCfg = Debug|Any CPU
		{381A4B21-14A7-487F-A31D-AC9CDC16B08D}.Debug|Any CPU.Build.0 = Debug|Any CPU
		{381A4B21-14A7-487F-A31D-AC9CDC16B08D}.Release|Any CPU.ActiveCfg = Release|Any CPU
		{381A4B21-14A7-487F-A31D-AC9CDC16B08D}.Release|Any CPU.Build.0 = Release|Any CPU
		{D3D5A8E6-4BE0-4E53-B5D9-FF08B502FCC9}.Debug|Any CPU.ActiveCfg = Debug|Any CPU
		{D3D5A8E6-4BE0-4E53-B5D9-FF08B502FCC9}.Debug|Any CPU.Build.0 = Debug|Any CPU
		{D3D5A8E6-4BE0-4E53-B5D9-FF08B502FCC9}.Release|Any CPU.ActiveCfg = Release|Any CPU
		{D3D5A8E6-4BE0-4E53-B5D9-FF08B502FCC9}.Release|Any CPU.Build.0 = Release|Any CPU
		{CDB225B4-CAC2-476C-8A38-F53EF92DD499}.Debug|Any CPU.ActiveCfg = Debug|Any CPU
		{CDB225B4-CAC2-476C-8A38-F53EF92DD499}.Debug|Any CPU.Build.0 = Debug|Any CPU
		{CDB225B4-CAC2-476C-8A38-F53EF92DD499}.Release|Any CPU.ActiveCfg = Release|Any CPU
		{CDB225B4-CAC2-476C-8A38-F53EF92DD499}.Release|Any CPU.Build.0 = Release|Any CPU
		{D02ACA91-0710-4787-83C0-0C6CC785072E}.Debug|Any CPU.ActiveCfg = Debug|Any CPU
		{D02ACA91-0710-4787-83C0-0C6CC785072E}.Debug|Any CPU.Build.0 = Debug|Any CPU
		{D02ACA91-0710-4787-83C0-0C6CC785072E}.Release|Any CPU.ActiveCfg = Release|Any CPU
		{D02ACA91-0710-4787-83C0-0C6CC785072E}.Release|Any CPU.Build.0 = Release|Any CPU
		{50860E5D-4488-4FD1-BB0C-C68D39A2541A}.Debug|Any CPU.ActiveCfg = Debug|Any CPU
		{50860E5D-4488-4FD1-BB0C-C68D39A2541A}.Debug|Any CPU.Build.0 = Debug|Any CPU
		{50860E5D-4488-4FD1-BB0C-C68D39A2541A}.Release|Any CPU.ActiveCfg = Release|Any CPU
		{50860E5D-4488-4FD1-BB0C-C68D39A2541A}.Release|Any CPU.Build.0 = Release|Any CPU
	EndGlobalSection
	GlobalSection(SolutionProperties) = preSolution
		HideSolutionNode = FALSE
	EndGlobalSection
EndGlobal
